
Microsoft Visual Studio Solution File, Format Version 12.00
# Visual Studio 2012
Project("{8BC9CEB8-8B4A-11D0-8D11-00A0C91BC942}") = "DetectHuman", "DetectHuman\DetectHuman.vcxproj", "{99458B02-A0AF-49E1-8293-F7E5F8A21E96}"
EndProject
Global
	GlobalSection(SolutionConfigurationPlatforms) = preSolution
		Debug|Win32 = Debug|Win32
		Release|Win32 = Release|Win32
	EndGlobalSection
	GlobalSection(ProjectConfigurationPlatforms) = postSolution
		{99458B02-A0AF-49E1-8293-F7E5F8A21E96}.Debug|Win32.ActiveCfg = Debug|Win32
		{99458B02-A0AF-49E1-8293-F7E5F8A21E96}.Debug|Win32.Build.0 = Debug|Win32
		{99458B02-A0AF-49E1-8293-F7E5F8A21E96}.Release|Win32.ActiveCfg = Release|Win32
		{99458B02-A0AF-49E1-8293-F7E5F8A21E96}.Release|Win32.Build.0 = Release|Win32
	EndGlobalSection
	GlobalSection(SolutionProperties) = preSolution
		HideSolutionNode = FALSE
	EndGlobalSection
EndGlobal
